
Microsoft Visual Studio Solution File, Format Version 12.00
# Visual Studio Version 16
VisualStudioVersion = 16.0.29905.134
MinimumVisualStudioVersion = 10.0.40219.1
Project("{FAE04EC0-301F-11D3-BF4B-00C04F79EFBC}") = "Backend", "Backend\Backend.csproj", "{14FC973A-84AF-4FB7-B721-E8194EF521DA}"
EndProject
Project("{FAE04EC0-301F-11D3-BF4B-00C04F79EFBC}") = "Client", "Client\Client.csproj", "{9F4960BC-306A-425A-A7B1-2B976F8D2782}"
EndProject
Global
	GlobalSection(SolutionConfigurationPlatforms) = preSolution
		Debug|Any CPU = Debug|Any CPU
		Release|Any CPU = Release|Any CPU
	EndGlobalSection
	GlobalSection(ProjectConfigurationPlatforms) = postSolution
		{14FC973A-84AF-4FB7-B721-E8194EF521DA}.Debug|Any CPU.ActiveCfg = Debug|Any CPU
		{14FC973A-84AF-4FB7-B721-E8194EF521DA}.Debug|Any CPU.Build.0 = Debug|Any CPU
		{14FC973A-84AF-4FB7-B721-E8194EF521DA}.Release|Any CPU.ActiveCfg = Release|Any CPU
		{14FC973A-84AF-4FB7-B721-E8194EF521DA}.Release|Any CPU.Build.0 = Release|Any CPU
		{9F4960BC-306A-425A-A7B1-2B976F8D2782}.Debug|Any CPU.ActiveCfg = Debug|Any CPU
		{9F4960BC-306A-425A-A7B1-2B976F8D2782}.Debug|Any CPU.Build.0 = Debug|Any CPU
		{9F4960BC-306A-425A-A7B1-2B976F8D2782}.Release|Any CPU.ActiveCfg = Release|Any CPU
		{9F4960BC-306A-425A-A7B1-2B976F8D2782}.Release|Any CPU.Build.0 = Release|Any CPU
	EndGlobalSection
	GlobalSection(SolutionProperties) = preSolution
		HideSolutionNode = FALSE
	EndGlobalSection
	GlobalSection(ExtensibilityGlobals) = postSolution
		SolutionGuid = {11728729-72A3-435E-B4BA-BFFA9FAC96D8}
	EndGlobalSection
EndGlobal
